<?xml version="1.0" encoding="utf-8"?>
<Project ToolsVersion="4.0" xmlns="http://schemas.microsoft.com/developer/msbuild/2003">
  <ItemGroup>
    <Filter Include="Source Files">
      <UniqueIdentifier>{4FC737F1-C7A5-4376-A066-2A32D752A2FF}</UniqueIdentifier>
      <Extensions>cpp;c;cc;cxx;def;odl;idl;hpj;bat;asm;asmx</Extensions>
    </Filter>
    <Filter Include="Header Files">
      <UniqueIdentifier>{93995380-89BD-4b04-88EB-625FBE52EBFB}</UniqueIdentifier>
      <Extensions>h;hh;hpp;hxx;hm;inl;inc;ipp;xsd</Extensions>
    </Filter>
    <Filter Include="Resource Files">
      <UniqueIdentifier>{67DA6AB6-F800-4c08-8B7A-83BB121AAD01}</UniqueIdentifier>
      <Extensions>rc;ico;cur;bmp;dlg;rc2;rct;bin;rgs;gif;jpg;jpeg;jpe;resx;tiff;tif;png;wav;mfcribbon-ms</Extensions>
    </Filter>
    <Filter Include="UI">
      <UniqueIdentifier>{92d74a58-1836-4df2-8255-83710f92e192}</UniqueIdentifier>
    </Filter>
    <Filter Include="UI\Header Files">
      <UniqueIdentifier>{75ca3124-4479-4398-8828-b926b6ffa575}</UniqueIdentifier>
    </Filter>
    <Filter Include="UI\Source Files">
      <UniqueIdentifier>{f4c419fc-47c5-4961-9158-81c82be40ed3}</UniqueIdentifier>
    </Filter>
  </ItemGroup>
  <ItemGroup>
    <ClCompile Include="Main.cpp">
      <Filter>Source Files</Filter>
    </ClCompile>
    <ClCompile Include="Constants.cpp">
      <Filter>Source Files</Filter>
    </ClCompile>
    <ClCompile Include="Game.cpp">
      <Filter>Source Files</Filter>
    </ClCompile>
    <ClCompile Include="TexturePack.cpp">
      <Filter>Source Files</Filter>
    </ClCompile>
    <ClCompile Include="..\..\MenuStructure\MenuStructure\Button.cpp">
      <Filter>UI\Source Files</Filter>
    </ClCompile>
    <ClCompile Include="..\..\MenuStructure\MenuStructure\DisplayWidget.cpp">
      <Filter>UI\Source Files</Filter>
    </ClCompile>
    <ClCompile Include="..\..\MenuStructure\MenuStructure\Font.cpp">
      <Filter>UI\Source Files</Filter>
    </ClCompile>
    <ClCompile Include="..\..\MenuStructure\MenuStructure\Grid.cpp">
      <Filter>UI\Source Files</Filter>
    </ClCompile>
    <ClCompile Include="..\..\MenuStructure\MenuStructure\Image.cpp">
      <Filter>UI\Source Files</Filter>
    </ClCompile>
    <ClCompile Include="..\..\MenuStructure\MenuStructure\List.cpp">
      <Filter>UI\Source Files</Filter>
    </ClCompile>
    <ClCompile Include="..\..\MenuStructure\MenuStructure\Menu.cpp">
      <Filter>UI\Source Files</Filter>
    </ClCompile>
    <ClCompile Include="..\..\MenuStructure\MenuStructure\Page.cpp">
      <Filter>UI\Source Files</Filter>
    </ClCompile>
    <ClCompile Include="..\..\MenuStructure\MenuStructure\Row.cpp">
      <Filter>UI\Source Files</Filter>
    </ClCompile>
    <ClCompile Include="..\..\MenuStructure\MenuStructure\ScrollingList.cpp">
      <Filter>UI\Source Files</Filter>
    </ClCompile>
    <ClCompile Include="..\..\MenuStructure\MenuStructure\Search.cpp">
      <Filter>UI\Source Files</Filter>
    </ClCompile>
    <ClCompile Include="..\..\MenuStructure\MenuStructure\Selector.cpp">
      <Filter>UI\Source Files</Filter>
    </ClCompile>
    <ClCompile Include="..\..\MenuStructure\MenuStructure\Slider.cpp">
      <Filter>UI\Source Files</Filter>
    </ClCompile>
    <ClCompile Include="..\..\MenuStructure\MenuStructure\Text.cpp">
      <Filter>UI\Source Files</Filter>
    </ClCompile>
    <ClCompile Include="..\..\MenuStructure\MenuStructure\Textbox.cpp">
      <Filter>UI\Source Files</Filter>
    </ClCompile>
    <ClCompile Include="..\..\MenuStructure\MenuStructure\Widget.cpp">
      <Filter>UI\Source Files</Filter>
    </ClCompile>
    <ClCompile Include="DeckTemplate.cpp">
      <Filter>Source Files</Filter>
    </ClCompile>
    <ClCompile Include="CardTemplate.cpp">
      <Filter>Source Files</Filter>
    </ClCompile>
  </ItemGroup>
  <ItemGroup>
    <ClInclude Include="Constants.h">
      <Filter>Header Files</Filter>
    </ClInclude>
    <ClInclude Include="Game.h">
      <Filter>Header Files</Filter>
    </ClInclude>
    <ClInclude Include="TexturePack.h">
      <Filter>Header Files</Filter>
    </ClInclude>
    <ClInclude Include="..\..\MenuStructure\MenuStructure\Button.h">
      <Filter>UI\Header Files</Filter>
    </ClInclude>
    <ClInclude Include="..\..\MenuStructure\MenuStructure\UIConstants.h">
      <Filter>UI\Header Files</Filter>
    </ClInclude>
    <ClInclude Include="..\..\MenuStructure\MenuStructure\DisplayWidget.h">
      <Filter>UI\Header Files</Filter>
    </ClInclude>
    <ClInclude Include="..\..\MenuStructure\MenuStructure\Font.h">
      <Filter>UI\Header Files</Filter>
    </ClInclude>
    <ClInclude Include="..\..\MenuStructure\MenuStructure\Grid.h">
      <Filter>UI\Header Files</Filter>
    </ClInclude>
    <ClInclude Include="..\..\MenuStructure\MenuStructure\Image.h">
      <Filter>UI\Header Files</Filter>
    </ClInclude>
    <ClInclude Include="..\..\MenuStructure\MenuStructure\List.h">
      <Filter>UI\Header Files</Filter>
    </ClInclude>
    <ClInclude Include="..\..\MenuStructure\MenuStructure\Menu.h">
      <Filter>UI\Header Files</Filter>
    </ClInclude>
    <ClInclude Include="..\..\MenuStructure\MenuStructure\Page.h">
      <Filter>UI\Header Files</Filter>
    </ClInclude>
    <ClInclude Include="..\..\MenuStructure\MenuStructure\Row.h">
      <Filter>UI\Header Files</Filter>
    </ClInclude>
    <ClInclude Include="..\..\MenuStructure\MenuStructure\ScrollingList.h">
      <Filter>UI\Header Files</Filter>
    </ClInclude>
    <ClInclude Include="..\..\MenuStructure\MenuStructure\Search.h">
      <Filter>UI\Header Files</Filter>
    </ClInclude>
    <ClInclude Include="..\..\MenuStructure\MenuStructure\Selector.h">
      <Filter>UI\Header Files</Filter>
    </ClInclude>
    <ClInclude Include="..\..\MenuStructure\MenuStructure\Slider.h">
      <Filter>UI\Header Files</Filter>
    </ClInclude>
    <ClInclude Include="..\..\MenuStructure\MenuStructure\Text.h">
      <Filter>UI\Header Files</Filter>
    </ClInclude>
    <ClInclude Include="..\..\MenuStructure\MenuStructure\Textbox.h">
      <Filter>UI\Header Files</Filter>
    </ClInclude>
    <ClInclude Include="..\..\MenuStructure\MenuStructure\Widget.h">
      <Filter>UI\Header Files</Filter>
    </ClInclude>
    <ClInclude Include="DeckTemplate.h">
      <Filter>Header Files</Filter>
    </ClInclude>
    <ClInclude Include="CardTemplate.h">
      <Filter>Header Files</Filter>
    </ClInclude>
  </ItemGroup>
</Project>